
Microsoft Visual Studio Solution File, Format Version 12.00
# Visual Studio 15
VisualStudioVersion = 15.0.28307.645
MinimumVisualStudioVersion = 10.0.40219.1
Project("{888888A0-9F3D-457C-B088-3A5042F75D52}") = "xor", "xor\xor.pyproj", "{903B3341-0EE8-4F68-B0F0-51B20C3D06A3}"
EndProject
Global
	GlobalSection(SolutionConfigurationPlatforms) = preSolution
		Debug|Any CPU = Debug|Any CPU
		Release|Any CPU = Release|Any CPU
	EndGlobalSection
	GlobalSection(ProjectConfigurationPlatforms) = postSolution
		{903B3341-0EE8-4F68-B0F0-51B20C3D06A3}.Debug|Any CPU.ActiveCfg = Debug|Any CPU
		{903B3341-0EE8-4F68-B0F0-51B20C3D06A3}.Release|Any CPU.ActiveCfg = Release|Any CPU
	EndGlobalSection
	GlobalSection(SolutionProperties) = preSolution
		HideSolutionNode = FALSE
	EndGlobalSection
	GlobalSection(ExtensibilityGlobals) = postSolution
		SolutionGuid = {AF1A34EC-1356-46C2-A39D-9D269B6B46EC}
	EndGlobalSection
EndGlobal
