
Microsoft Visual Studio Solution File, Format Version 12.00
# Visual Studio 15
VisualStudioVersion = 15.0.28307.645
MinimumVisualStudioVersion = 10.0.40219.1
Project("{888888A0-9F3D-457C-B088-3A5042F75D52}") = "neronnet2", "neronnet2\neronnet2.pyproj", "{39BA9867-10A2-4AC9-962C-859672662023}"
EndProject
Global
	GlobalSection(SolutionConfigurationPlatforms) = preSolution
		Debug|Any CPU = Debug|Any CPU
		Release|Any CPU = Release|Any CPU
	EndGlobalSection
	GlobalSection(ProjectConfigurationPlatforms) = postSolution
		{39BA9867-10A2-4AC9-962C-859672662023}.Debug|Any CPU.ActiveCfg = Debug|Any CPU
		{39BA9867-10A2-4AC9-962C-859672662023}.Release|Any CPU.ActiveCfg = Release|Any CPU
	EndGlobalSection
	GlobalSection(SolutionProperties) = preSolution
		HideSolutionNode = FALSE
	EndGlobalSection
	GlobalSection(ExtensibilityGlobals) = postSolution
		SolutionGuid = {F70F783C-3219-4940-B32F-E9AD60F3F14C}
	EndGlobalSection
EndGlobal
