
Microsoft Visual Studio Solution File, Format Version 12.00
# Visual Studio 15
VisualStudioVersion = 15.0.28307.645
MinimumVisualStudioVersion = 10.0.40219.1
Project("{888888A0-9F3D-457C-B088-3A5042F75D52}") = "gradient", "gradient\gradient.pyproj", "{F28C8768-5211-4A5A-9585-ACFB362E8AFD}"
EndProject
Global
	GlobalSection(SolutionConfigurationPlatforms) = preSolution
		Debug|Any CPU = Debug|Any CPU
		Release|Any CPU = Release|Any CPU
	EndGlobalSection
	GlobalSection(ProjectConfigurationPlatforms) = postSolution
		{F28C8768-5211-4A5A-9585-ACFB362E8AFD}.Debug|Any CPU.ActiveCfg = Debug|Any CPU
		{F28C8768-5211-4A5A-9585-ACFB362E8AFD}.Release|Any CPU.ActiveCfg = Release|Any CPU
	EndGlobalSection
	GlobalSection(SolutionProperties) = preSolution
		HideSolutionNode = FALSE
	EndGlobalSection
	GlobalSection(ExtensibilityGlobals) = postSolution
		SolutionGuid = {5AB47A48-6595-4A17-8C50-7EAD3A046802}
	EndGlobalSection
EndGlobal
