
Microsoft Visual Studio Solution File, Format Version 12.00
# Visual Studio 15
VisualStudioVersion = 15.0.28307.645
MinimumVisualStudioVersion = 10.0.40219.1
Project("{888888A0-9F3D-457C-B088-3A5042F75D52}") = "neronnet1", "neronnet1\neronnet1.pyproj", "{7BD3BCA9-678B-4EC2-A58F-FF6AC4A52DEA}"
EndProject
Global
	GlobalSection(SolutionConfigurationPlatforms) = preSolution
		Debug|Any CPU = Debug|Any CPU
		Release|Any CPU = Release|Any CPU
	EndGlobalSection
	GlobalSection(ProjectConfigurationPlatforms) = postSolution
		{7BD3BCA9-678B-4EC2-A58F-FF6AC4A52DEA}.Debug|Any CPU.ActiveCfg = Debug|Any CPU
		{7BD3BCA9-678B-4EC2-A58F-FF6AC4A52DEA}.Release|Any CPU.ActiveCfg = Release|Any CPU
	EndGlobalSection
	GlobalSection(SolutionProperties) = preSolution
		HideSolutionNode = FALSE
	EndGlobalSection
	GlobalSection(ExtensibilityGlobals) = postSolution
		SolutionGuid = {036F90A2-336F-405F-B6C7-C46744563E5B}
	EndGlobalSection
EndGlobal
